
Microsoft Visual Studio Solution File, Format Version 12.00
# Visual Studio Version 17
VisualStudioVersion = 17.13.35825.156 d17.13
MinimumVisualStudioVersion = 10.0.40219.1
Project("{8BC9CEB8-8B4A-11D0-8D11-00A0C91BC942}") = "music_visualizer", "music_visualizer\music_visualizer.vcxproj", "{51B2AD49-3A9A-40A7-B305-2EB794D90737}"
EndProject
Global
	GlobalSection(SolutionConfigurationPlatforms) = preSolution
		Debug|x64 = Debug|x64
		Debug|x86 = Debug|x86
		Release|x64 = Release|x64
		Release|x86 = Release|x86
	EndGlobalSection
	GlobalSection(ProjectConfigurationPlatforms) = postSolution
		{51B2AD49-3A9A-40A7-B305-2EB794D90737}.Debug|x64.ActiveCfg = Debug|x64
		{51B2AD49-3A9A-40A7-B305-2EB794D90737}.Debug|x64.Build.0 = Debug|x64
		{51B2AD49-3A9A-40A7-B305-2EB794D90737}.Debug|x86.ActiveCfg = Debug|Win32
		{51B2AD49-3A9A-40A7-B305-2EB794D90737}.Debug|x86.Build.0 = Debug|Win32
		{51B2AD49-3A9A-40A7-B305-2EB794D90737}.Release|x64.ActiveCfg = Release|x64
		{51B2AD49-3A9A-40A7-B305-2EB794D90737}.Release|x64.Build.0 = Release|x64
		{51B2AD49-3A9A-40A7-B305-2EB794D90737}.Release|x86.ActiveCfg = Release|Win32
		{51B2AD49-3A9A-40A7-B305-2EB794D90737}.Release|x86.Build.0 = Release|Win32
	EndGlobalSection
	GlobalSection(SolutionProperties) = preSolution
		HideSolutionNode = FALSE
	EndGlobalSection
	GlobalSection(ExtensibilityGlobals) = postSolution
		SolutionGuid = {EC83425D-0232-43B2-877F-18C6D18972E9}
	EndGlobalSection
EndGlobal
